// !$*UTF8*$!
{
	archiveVersion = 1;
	classes = {
	};
	objectVersion = 56;
	objects = {

/* Begin PBXBuildFile section */
		EB3C169529B5671900AC8939 /* AppDelegate.swift in Sources */ = {isa = PBXBuildFile; fileRef = EB3C169429B5671900AC8939 /* AppDelegate.swift */; };
		EB3C169729B5671900AC8939 /* SceneDelegate.swift in Sources */ = {isa = PBXBuildFile; fileRef = EB3C169629B5671900AC8939 /* SceneDelegate.swift */; };
		EB3C169929B5671900AC8939 /* ViewController.swift in Sources */ = {isa = PBXBuildFile; fileRef = EB3C169829B5671900AC8939 /* ViewController.swift */; };
		EB3C169C29B5671900AC8939 /* Main.storyboard in Resources */ = {isa = PBXBuildFile; fileRef = EB3C169A29B5671900AC8939 /* Main.storyboard */; };
		EB3C169E29B5671A00AC8939 /* Assets.xcassets in Resources */ = {isa = PBXBuildFile; fileRef = EB3C169D29B5671A00AC8939 /* Assets.xcassets */; };
		EB3C16A129B5671A00AC8939 /* LaunchScreen.storyboard in Resources */ = {isa = PBXBuildFile; fileRef = EB3C169F29B5671A00AC8939 /* LaunchScreen.storyboard */; };
		EB3C16AA29B56FE500AC8939 /* Question.swift in Sources */ = {isa = PBXBuildFile; fileRef = EB3C16A929B56FE500AC8939 /* Question.swift */; };
		EB3C16AD29B5707000AC8939 /* QuizBrain.swift in Sources */ = {isa = PBXBuildFile; fileRef = EB3C16AC29B5707000AC8939 /* QuizBrain.swift */; };
/* End PBXBuildFile section */

/* Begin PBXFileReference section */
		EB3C169129B5671900AC8939 /* McQuiz.app */ = {isa = PBXFileReference; explicitFileType = wrapper.application; includeInIndex = 0; path = McQuiz.app; sourceTree = BUILT_PRODUCTS_DIR; };
		EB3C169429B5671900AC8939 /* AppDelegate.swift */ = {isa = PBXFileReference; lastKnownFileType = sourcecode.swift; path = AppDelegate.swift; sourceTree = "<group>"; };
		EB3C169629B5671900AC8939 /* SceneDelegate.swift */ = {isa = PBXFileReference; lastKnownFileType = sourcecode.swift; path = SceneDelegate.swift; sourceTree = "<group>"; };
		EB3C169829B5671900AC8939 /* ViewController.swift */ = {isa = PBXFileReference; lastKnownFileType = sourcecode.swift; path = ViewController.swift; sourceTree = "<group>"; };
		EB3C169B29B5671900AC8939 /* Base */ = {isa = PBXFileReference; lastKnownFileType = file.storyboard; name = Base; path = Base.lproj/Main.storyboard; sourceTree = "<group>"; };
		EB3C169D29B5671A00AC8939 /* Assets.xcassets */ = {isa = PBXFileReference; lastKnownFileType = folder.assetcatalog; path = Assets.xcassets; sourceTree = "<group>"; };
		EB3C16A029B5671A00AC8939 /* Base */ = {isa = PBXFileReference; lastKnownFileType = file.storyboard; name = Base; path = Base.lproj/LaunchScreen.storyboard; sourceTree = "<group>"; };
		EB3C16A229B5671A00AC8939 /* Info.plist */ = {isa = PBXFileReference; lastKnownFileType = text.plist.xml; path = Info.plist; sourceTree = "<group>"; };
		EB3C16A929B56FE500AC8939 /* Question.swift */ = {isa = PBXFileReference; lastKnownFileType = sourcecode.swift; path = Question.swift; sourceTree = "<group>"; };
		EB3C16AC29B5707000AC8939 /* QuizBrain.swift */ = {isa = PBXFileReference; lastKnownFileType = sourcecode.swift; path = QuizBrain.swift; sourceTree = "<group>"; };
/* End PBXFileReference section */

/* Begin PBXFrameworksBuildPhase section */
		EB3C168E29B5671900AC8939 /* Frameworks */ = {
			isa = PBXFrameworksBuildPhase;
			buildActionMask = 2147483647;
			files = (
			);
			runOnlyForDeploymentPostprocessing = 0;
		};
/* End PBXFrameworksBuildPhase section */

/* Begin PBXGroup section */
		EB3C168829B5671900AC8939 = {
			isa = PBXGroup;
			children = (
				EB3C169329B5671900AC8939 /* McQuiz */,
				EB3C169229B5671900AC8939 /* Products */,
			);
			sourceTree = "<group>";
		};
		EB3C169229B5671900AC8939 /* Products */ = {
			isa = PBXGroup;
			children = (
				EB3C169129B5671900AC8939 /* McQuiz.app */,
			);
			name = Products;
			sourceTree = "<group>";
		};
		EB3C169329B5671900AC8939 /* McQuiz */ = {
			isa = PBXGroup;
			children = (
				EB3C169429B5671900AC8939 /* AppDelegate.swift */,
				EB3C169629B5671900AC8939 /* SceneDelegate.swift */,
				EB3C16AB29B5704F00AC8939 /* Model */,
				EB3C16A829B56FB900AC8939 /* View */,
				EB3C16AE29B571AB00AC8939 /* Controller */,
				EB3C169D29B5671A00AC8939 /* Assets.xcassets */,
				EB3C169F29B5671A00AC8939 /* LaunchScreen.storyboard */,
				EB3C16A229B5671A00AC8939 /* Info.plist */,
			);
			path = McQuiz;
			sourceTree = "<group>";
		};
		EB3C16A829B56FB900AC8939 /* View */ = {
			isa = PBXGroup;
			children = (
				EB3C169A29B5671900AC8939 /* Main.storyboard */,
			);
			path = View;
			sourceTree = "<group>";
		};
		EB3C16AB29B5704F00AC8939 /* Model */ = {
			isa = PBXGroup;
			children = (
				EB3C16A929B56FE500AC8939 /* Question.swift */,
				EB3C16AC29B5707000AC8939 /* QuizBrain.swift */,
			);
			path = Model;
			sourceTree = "<group>";
		};
		EB3C16AE29B571AB00AC8939 /* Controller */ = {
			isa = PBXGroup;
			children = (
				EB3C169829B5671900AC8939 /* ViewController.swift */,
			);
			path = Controller;
			sourceTree = "<group>";
		};
/* End PBXGroup section */

/* Begin PBXNativeTarget section */
		EB3C169029B5671900AC8939 /* McQuiz */ = {
			isa = PBXNativeTarget;
			buildConfigurationList = EB3C16A529B5671A00AC8939 /* Build configuration list for PBXNativeTarget "McQuiz" */;
			buildPhases = (
				EB3C168D29B5671900AC8939 /* Sources */,
				EB3C168E29B5671900AC8939 /* Frameworks */,
				EB3C168F29B5671900AC8939 /* Resources */,
			);
			buildRules = (
			);
			dependencies = (
			);
			name = McQuiz;
			productName = McQuiz;
			productReference = EB3C169129B5671900AC8939 /* McQuiz.app */;
			productType = "com.apple.product-type.application";
		};
/* End PBXNativeTarget section */

/* Begin PBXProject section */
		EB3C168929B5671900AC8939 /* Project object */ = {
			isa = PBXProject;
			attributes = {
				BuildIndependentTargetsInParallel = 1;
				LastSwiftUpdateCheck = 1420;
				LastUpgradeCheck = 1420;
				TargetAttributes = {
					EB3C169029B5671900AC8939 = {
						CreatedOnToolsVersion = 14.2;
					};
				};
			};
			buildConfigurationList = EB3C168C29B5671900AC8939 /* Build configuration list for PBXProject "McQuiz" */;
			compatibilityVersion = "Xcode 14.0";
			developmentRegion = en;
			hasScannedForEncodings = 0;
			knownRegions = (
				en,
				Base,
			);
			mainGroup = EB3C168829B5671900AC8939;
			productRefGroup = EB3C169229B5671900AC8939 /* Products */;
			projectDirPath = "";
			projectRoot = "";
			targets = (
				EB3C169029B5671900AC8939 /* McQuiz */,
			);
		};
/* End PBXProject section */

/* Begin PBXResourcesBuildPhase section */
		EB3C168F29B5671900AC8939 /* Resources */ = {
			isa = PBXResourcesBuildPhase;
			buildActionMask = 2147483647;
			files = (
				EB3C16A129B5671A00AC8939 /* LaunchScreen.storyboard in Resources */,
				EB3C169E29B5671A00AC8939 /* Assets.xcassets in Resources */,
				EB3C169C29B5671900AC8939 /* Main.storyboard in Resources */,
			);
			runOnlyForDeploymentPostprocessing = 0;
		};
/* End PBXResourcesBuildPhase section */

/* Begin PBXSourcesBuildPhase section */
		EB3C168D29B5671900AC8939 /* Sources */ = {
			isa = PBXSourcesBuildPhase;
			buildActionMask = 2147483647;
			files = (
				EB3C16AD29B5707000AC8939 /* QuizBrain.swift in Sources */,
				EB3C169929B5671900AC8939 /* ViewController.swift in Sources */,
				EB3C16AA29B56FE500AC8939 /* Question.swift in Sources */,
				EB3C169529B5671900AC8939 /* AppDelegate.swift in Sources */,
				EB3C169729B5671900AC8939 /* SceneDelegate.swift in Sources */,
			);
			runOnlyForDeploymentPostprocessing = 0;
		};
/* End PBXSourcesBuildPhase section */

/* Begin PBXVariantGroup section */
		EB3C169A29B5671900AC8939 /* Main.storyboard */ = {
			isa = PBXVariantGroup;
			children = (
				EB3C169B29B5671900AC8939 /* Base */,
			);
			name = Main.storyboard;
			sourceTree = "<group>";
			usesTabs = 1;
		};
		EB3C169F29B5671A00AC8939 /* LaunchScreen.storyboard */ = {
			isa = PBXVariantGroup;
			children = (
				EB3C16A029B5671A00AC8939 /* Base */,
			);
			name = LaunchScreen.storyboard;
			sourceTree = "<group>";
		};
/* End PBXVariantGroup section */

/* Begin XCBuildConfiguration section */
		EB3C16A329B5671A00AC8939 /* Debug */ = {
			isa = XCBuildConfiguration;
			buildSettings = {
				ALWAYS_SEARCH_USER_PATHS = NO;
				CLANG_ANALYZER_NONNULL = YES;
				CLANG_ANALYZER_NUMBER_OBJECT_CONVERSION = YES_AGGRESSIVE;
				CLANG_CXX_LANGUAGE_STANDARD = "gnu++20";
				CLANG_ENABLE_MODULES = YES;
				CLANG_ENABLE_OBJC_ARC = YES;
				CLANG_ENABLE_OBJC_WEAK = YES;
				CLANG_WARN_BLOCK_CAPTURE_AUTORELEASING = YES;
				CLANG_WARN_BOOL_CONVERSION = YES;
				CLANG_WARN_COMMA = YES;
				CLANG_WARN_CONSTANT_CONVERSION = YES;
				CLANG_WARN_DEPRECATED_OBJC_IMPLEMENTATIONS = YES;
				CLANG_WARN_DIRECT_OBJC_ISA_USAGE = YES_ERROR;
				CLANG_WARN_DOCUMENTATION_COMMENTS = YES;
				CLANG_WARN_EMPTY_BODY = YES;
				CLANG_WARN_ENUM_CONVERSION = YES;
				CLANG_WARN_INFINITE_RECURSION = YES;
				CLANG_WARN_INT_CONVERSION = YES;
				CLANG_WARN_NON_LITERAL_NULL_CONVERSION = YES;
				CLANG_WARN_OBJC_IMPLICIT_RETAIN_SELF = YES;
				CLANG_WARN_OBJC_LITERAL_CONVERSION = YES;
				CLANG_WARN_OBJC_ROOT_CLASS = YES_ERROR;
				CLANG_WARN_QUOTED_INCLUDE_IN_FRAMEWORK_HEADER = YES;
				CLANG_WARN_RANGE_LOOP_ANALYSIS = YES;
				CLANG_WARN_STRICT_PROTOTYPES = YES;
				CLANG_WARN_SUSPICIOUS_MOVE = YES;
				CLANG_WARN_UNGUARDED_AVAILABILITY = YES_AGGRESSIVE;
				CLANG_WARN_UNREACHABLE_CODE = YES;
				CLANG_WARN__DUPLICATE_METHOD_MATCH = YES;
				COPY_PHASE_STRIP = NO;
				DEBUG_INFORMATION_FORMAT = dwarf;
				ENABLE_STRICT_OBJC_MSGSEND = YES;
				ENABLE_TESTABILITY = YES;
				GCC_C_LANGUAGE_STANDARD = gnu11;
				GCC_DYNAMIC_NO_PIC = NO;
				GCC_NO_COMMON_BLOCKS = YES;
				GCC_OPTIMIZATION_LEVEL = 0;
				GCC_PREPROCESSOR_DEFINITIONS = (
					"DEBUG=1",
					"$(inherited)",
				);
				GCC_WARN_64_TO_32_BIT_CONVERSION = YES;
				GCC_WARN_ABOUT_RETURN_TYPE = YES_ERROR;
				GCC_WARN_UNDECLARED_SELECTOR = YES;
				GCC_WARN_UNINITIALIZED_AUTOS = YES_AGGRESSIVE;
				GCC_WARN_UNUSED_FUNCTION = YES;
				GCC_WARN_UNUSED_VARIABLE = YES;
				IPHONEOS_DEPLOYMENT_TARGET = 16.2;
				MTL_ENABLE_DEBUG_INFO = INCLUDE_SOURCE;
				MTL_FAST_MATH = YES;
				ONLY_ACTIVE_ARCH = YES;
				SDKROOT = iphoneos;
				SWIFT_ACTIVE_COMPILATION_CONDITIONS = DEBUG;
				SWIFT_OPTIMIZATION_LEVEL = "-Onone";
			};
			name = Debug;
		};
		EB3C16A429B5671A00AC8939 /* Release */ = {
			isa = XCBuildConfiguration;
			buildSettings = {
				ALWAYS_SEARCH_USER_PATHS = NO;
				CLANG_ANALYZER_NONNULL = YES;
				CLANG_ANALYZER_NUMBER_OBJECT_CONVERSION = YES_AGGRESSIVE;
				CLANG_CXX_LANGUAGE_STANDARD = "gnu++20";
				CLANG_ENABLE_MODULES = YES;
				CLANG_ENABLE_OBJC_ARC = YES;
				CLANG_ENABLE_OBJC_WEAK = YES;
				CLANG_WARN_BLOCK_CAPTURE_AUTORELEASING = YES;
				CLANG_WARN_BOOL_CONVERSION = YES;
				CLANG_WARN_COMMA = YES;
				CLANG_WARN_CONSTANT_CONVERSION = YES;
				CLANG_WARN_DEPRECATED_OBJC_IMPLEMENTATIONS = YES;
				CLANG_WARN_DIRECT_OBJC_ISA_USAGE = YES_ERROR;
				CLANG_WARN_DOCUMENTATION_COMMENTS = YES;
				CLANG_WARN_EMPTY_BODY = YES;
				CLANG_WARN_ENUM_CONVERSION = YES;
				CLANG_WARN_INFINITE_RECURSION = YES;
				CLANG_WARN_INT_CONVERSION = YES;
				CLANG_WARN_NON_LITERAL_NULL_CONVERSION = YES;
				CLANG_WARN_OBJC_IMPLICIT_RETAIN_SELF = YES;
				CLANG_WARN_OBJC_LITERAL_CONVERSION = YES;
				CLANG_WARN_OBJC_ROOT_CLASS = YES_ERROR;
				CLANG_WARN_QUOTED_INCLUDE_IN_FRAMEWORK_HEADER = YES;
				CLANG_WARN_RANGE_LOOP_ANALYSIS = YES;
				CLANG_WARN_STRICT_PROTOTYPES = YES;
				CLANG_WARN_SUSPICIOUS_MOVE = YES;
				CLANG_WARN_UNGUARDED_AVAILABILITY = YES_AGGRESSIVE;
				CLANG_WARN_UNREACHABLE_CODE = YES;
				CLANG_WARN__DUPLICATE_METHOD_MATCH = YES;
				COPY_PHASE_STRIP = NO;
				DEBUG_INFORMATION_FORMAT = "dwarf-with-dsym";
				ENABLE_NS_ASSERTIONS = NO;
				ENABLE_STRICT_OBJC_MSGSEND = YES;
				GCC_C_LANGUAGE_STANDARD = gnu11;
				GCC_NO_COMMON_BLOCKS = YES;
				GCC_WARN_64_TO_32_BIT_CONVERSION = YES;
				GCC_WARN_ABOUT_RETURN_TYPE = YES_ERROR;
				GCC_WARN_UNDECLARED_SELECTOR = YES;
				GCC_WARN_UNINITIALIZED_AUTOS = YES_AGGRESSIVE;
				GCC_WARN_UNUSED_FUNCTION = YES;
				GCC_WARN_UNUSED_VARIABLE = YES;
				IPHONEOS_DEPLOYMENT_TARGET = 16.2;
				MTL_ENABLE_DEBUG_INFO = NO;
				MTL_FAST_MATH = YES;
				SDKROOT = iphoneos;
				SWIFT_COMPILATION_MODE = wholemodule;
				SWIFT_OPTIMIZATION_LEVEL = "-O";
				VALIDATE_PRODUCT = YES;
			};
			name = Release;
		};
		EB3C16A629B5671A00AC8939 /* Debug */ = {
			isa = XCBuildConfiguration;
			buildSettings = {
				ASSETCATALOG_COMPILER_APPICON_NAME = AppIcon;
				ASSETCATALOG_COMPILER_GLOBAL_ACCENT_COLOR_NAME = AccentColor;
				CODE_SIGN_STYLE = Automatic;
				CURRENT_PROJECT_VERSION = 1;
				DEVELOPMENT_TEAM = 3Z5882K993;
				GENERATE_INFOPLIST_FILE = YES;
				INFOPLIST_FILE = McQuiz/Info.plist;
				INFOPLIST_KEY_UIApplicationSupportsIndirectInputEvents = YES;
				INFOPLIST_KEY_UILaunchStoryboardName = LaunchScreen;
				INFOPLIST_KEY_UIMainStoryboardFile = Main;
				INFOPLIST_KEY_UISupportedInterfaceOrientations = UIInterfaceOrientationPortrait;
				IPHONEOS_DEPLOYMENT_TARGET = 16.0;
				LD_RUNPATH_SEARCH_PATHS = (
					"$(inherited)",
					"@executable_path/Frameworks",
				);
				MARKETING_VERSION = 1.0;
				PRODUCT_BUNDLE_IDENTIFIER = com.stampography.McQuiz;
				PRODUCT_NAME = "$(TARGET_NAME)";
				SUPPORTED_PLATFORMS = "iphoneos iphonesimulator";
				SUPPORTS_MACCATALYST = NO;
				SUPPORTS_MAC_DESIGNED_FOR_IPHONE_IPAD = NO;
				SWIFT_EMIT_LOC_STRINGS = YES;
				SWIFT_VERSION = 5.0;
				TARGETED_DEVICE_FAMILY = 1;
			};
			name = Debug;
		};
		EB3C16A729B5671A00AC8939 /* Release */ = {
			isa = XCBuildConfiguration;
			buildSettings = {
				ASSETCATALOG_COMPILER_APPICON_NAME = AppIcon;
				ASSETCATALOG_COMPILER_GLOBAL_ACCENT_COLOR_NAME = AccentColor;
				CODE_SIGN_STYLE = Automatic;
				CURRENT_PROJECT_VERSION = 1;
				DEVELOPMENT_TEAM = 3Z5882K993;
				GENERATE_INFOPLIST_FILE = YES;
				INFOPLIST_FILE = McQuiz/Info.plist;
				INFOPLIST_KEY_UIApplicationSupportsIndirectInputEvents = YES;
				INFOPLIST_KEY_UILaunchStoryboardName = LaunchScreen;
				INFOPLIST_KEY_UIMainStoryboardFile = Main;
				INFOPLIST_KEY_UISupportedInterfaceOrientations = UIInterfaceOrientationPortrait;
				IPHONEOS_DEPLOYMENT_TARGET = 16.0;
				LD_RUNPATH_SEARCH_PATHS = (
					"$(inherited)",
					"@executable_path/Frameworks",
				);
				MARKETING_VERSION = 1.0;
				PRODUCT_BUNDLE_IDENTIFIER = com.stampography.McQuiz;
				PRODUCT_NAME = "$(TARGET_NAME)";
				SUPPORTED_PLATFORMS = "iphoneos iphonesimulator";
				SUPPORTS_MACCATALYST = NO;
				SUPPORTS_MAC_DESIGNED_FOR_IPHONE_IPAD = NO;
				SWIFT_EMIT_LOC_STRINGS = YES;
				SWIFT_VERSION = 5.0;
				TARGETED_DEVICE_FAMILY = 1;
			};
			name = Release;
		};
/* End XCBuildConfiguration section */

/* Begin XCConfigurationList section */
		EB3C168C29B5671900AC8939 /* Build configuration list for PBXProject "McQuiz" */ = {
			isa = XCConfigurationList;
			buildConfigurations = (
				EB3C16A329B5671A00AC8939 /* Debug */,
				EB3C16A429B5671A00AC8939 /* Release */,
			);
			defaultConfigurationIsVisible = 0;
			defaultConfigurationName = Release;
		};
		EB3C16A529B5671A00AC8939 /* Build configuration list for PBXNativeTarget "McQuiz" */ = {
			isa = XCConfigurationList;
			buildConfigurations = (
				EB3C16A629B5671A00AC8939 /* Debug */,
				EB3C16A729B5671A00AC8939 /* Release */,
			);
			defaultConfigurationIsVisible = 0;
			defaultConfigurationName = Release;
		};
/* End XCConfigurationList section */
	};
	rootObject = EB3C168929B5671900AC8939 /* Project object */;
}
